
Microsoft Visual Studio Solution File, Format Version 12.00
# Visual Studio Version 17
VisualStudioVersion = 17.0.31903.59
MinimumVisualStudioVersion = 10.0.40219.1
Project("{FAE04EC0-301F-11D3-BF4B-00C04F79EFBC}") = "API", "API\API.csproj", "{D205838D-CEF1-40C7-9AA1-E12DC816E075}"
EndProject
Project("{FAE04EC0-301F-11D3-BF4B-00C04F79EFBC}") = "Core", "Core\Core.csproj", "{A93300AB-CF44-4437-95B4-320DA574D876}"
EndProject
Project("{FAE04EC0-301F-11D3-BF4B-00C04F79EFBC}") = "Infrastructure", "Infrastructure\Infrastructure.csproj", "{4BD0DF18-2A55-4E67-AC8B-FB43DAE0B39E}"
EndProject
Global
	GlobalSection(SolutionConfigurationPlatforms) = preSolution
		Debug|Any CPU = Debug|Any CPU
		Release|Any CPU = Release|Any CPU
	EndGlobalSection
	GlobalSection(SolutionProperties) = preSolution
		HideSolutionNode = FALSE
	EndGlobalSection
	GlobalSection(ProjectConfigurationPlatforms) = postSolution
		{D205838D-CEF1-40C7-9AA1-E12DC816E075}.Debug|Any CPU.ActiveCfg = Debug|Any CPU
		{D205838D-CEF1-40C7-9AA1-E12DC816E075}.Debug|Any CPU.Build.0 = Debug|Any CPU
		{D205838D-CEF1-40C7-9AA1-E12DC816E075}.Release|Any CPU.ActiveCfg = Release|Any CPU
		{D205838D-CEF1-40C7-9AA1-E12DC816E075}.Release|Any CPU.Build.0 = Release|Any CPU
		{A93300AB-CF44-4437-95B4-320DA574D876}.Debug|Any CPU.ActiveCfg = Debug|Any CPU
		{A93300AB-CF44-4437-95B4-320DA574D876}.Debug|Any CPU.Build.0 = Debug|Any CPU
		{A93300AB-CF44-4437-95B4-320DA574D876}.Release|Any CPU.ActiveCfg = Release|Any CPU
		{A93300AB-CF44-4437-95B4-320DA574D876}.Release|Any CPU.Build.0 = Release|Any CPU
		{4BD0DF18-2A55-4E67-AC8B-FB43DAE0B39E}.Debug|Any CPU.ActiveCfg = Debug|Any CPU
		{4BD0DF18-2A55-4E67-AC8B-FB43DAE0B39E}.Debug|Any CPU.Build.0 = Debug|Any CPU
		{4BD0DF18-2A55-4E67-AC8B-FB43DAE0B39E}.Release|Any CPU.ActiveCfg = Release|Any CPU
		{4BD0DF18-2A55-4E67-AC8B-FB43DAE0B39E}.Release|Any CPU.Build.0 = Release|Any CPU
	EndGlobalSection
EndGlobal
